
Microsoft Visual Studio Solution File, Format Version 12.00
# Visual Studio Version 17
VisualStudioVersion = 17.9.34728.123
MinimumVisualStudioVersion = 10.0.40219.1
Project("{2150E333-8FDC-42A3-9474-1A3956D46DE8}") = "src", "src", "{E1656BF5-FBAE-42BB-A60B-7E2A4951AAE6}"
EndProject
Project("{2150E333-8FDC-42A3-9474-1A3956D46DE8}") = "Services", "Services", "{D81077A1-A31A-4C3C-AC83-2BF00CCE8497}"
EndProject
Project("{2150E333-8FDC-42A3-9474-1A3956D46DE8}") = "APIGateway", "APIGateway", "{03FAD10F-EA25-4422-A80F-DB884A29411E}"
EndProject
Project("{2150E333-8FDC-42A3-9474-1A3956D46DE8}") = "EventBus", "EventBus", "{824EFA64-B835-4E4C-AADF-52849B3B7723}"
EndProject
Project("{2150E333-8FDC-42A3-9474-1A3956D46DE8}") = "Shared", "Shared", "{7C3D2D1D-149C-4681-A414-32D004DA419C}"
EndProject
Project("{2150E333-8FDC-42A3-9474-1A3956D46DE8}") = "IdentityService", "IdentityService", "{300316CE-9DFD-43FD-B3A6-C980496E3BC1}"
EndProject
Project("{2150E333-8FDC-42A3-9474-1A3956D46DE8}") = "LoggingMonitoring", "LoggingMonitoring", "{ABA15CB4-E35B-4BE1-A25C-45AE196202DF}"
EndProject
Project("{9A19103F-16F7-4668-BE54-9A1E7A4F7556}") = "MetinTopcu.Backend.APIGateway.API", "src\APIGateway\MetinTopcu.Backend.APIGateway.API\MetinTopcu.Backend.APIGateway.API.csproj", "{18780B9E-9E15-4859-B9F9-47B69586D7E7}"
EndProject
Project("{2150E333-8FDC-42A3-9474-1A3956D46DE8}") = "ProfileService", "ProfileService", "{D0E925F2-AFA7-4EAB-9EE7-050CA9BDAFDE}"
EndProject
Project("{2150E333-8FDC-42A3-9474-1A3956D46DE8}") = "src", "src", "{CC1B3F68-78FF-4263-9AE6-FEFE5C9AEFD1}"
EndProject
Project("{2150E333-8FDC-42A3-9474-1A3956D46DE8}") = "presentation", "presentation", "{03536469-CE7B-425A-9D55-4F57D2B57DF9}"
EndProject
Project("{2150E333-8FDC-42A3-9474-1A3956D46DE8}") = "core", "core", "{3AE21C5E-11EE-4B58-939F-695DDF6CD929}"
EndProject
Project("{2150E333-8FDC-42A3-9474-1A3956D46DE8}") = "data", "data", "{F5BF8B30-E7A8-42C6-A242-21ACFB252FD2}"
EndProject
Project("{2150E333-8FDC-42A3-9474-1A3956D46DE8}") = "business", "business", "{FEB2EE49-3D96-48FE-A9F7-85AD639D0180}"
EndProject
Project("{9A19103F-16F7-4668-BE54-9A1E7A4F7556}") = "MetinTopcu.Backend.ProfileService.Core", "src\Services\ProfileService\src\core\MetinTopcu.Backend.ProfileService.Core\MetinTopcu.Backend.ProfileService.Core.csproj", "{2AD2EBBD-AA7F-4F54-B9D8-50BC5CBBBF34}"
EndProject
Project("{9A19103F-16F7-4668-BE54-9A1E7A4F7556}") = "MetinTopcu.Backend.ProfileService.Data", "src\Services\ProfileService\src\data\MetinTopcu.Backend.ProfileService.Data\MetinTopcu.Backend.ProfileService.Data.csproj", "{2968E3F9-7A71-407C-BC95-A84FE5FEDDDB}"
EndProject
Project("{9A19103F-16F7-4668-BE54-9A1E7A4F7556}") = "MetinTopcu.Backend.ProfileService.Business", "src\Services\ProfileService\src\business\MetinTopcu.Backend.ProfileService.Business\MetinTopcu.Backend.ProfileService.Business.csproj", "{DD0D6C50-3AC4-4C71-8E7A-481A78D58B18}"
EndProject
Project("{9A19103F-16F7-4668-BE54-9A1E7A4F7556}") = "MetinTopcu.Backend.ProfileService.API", "src\Services\ProfileService\src\presentation\MetinTopcu.Backend.ProfileService.API\MetinTopcu.Backend.ProfileService.API.csproj", "{29EC5488-4FBD-4A98-BDBB-765BB308CB3B}"
EndProject
Project("{FAE04EC0-301F-11D3-BF4B-00C04F79EFBC}") = "MetinTopcu.Backend.Shared", "src\Shared\MetinTopcu.Backend.Shared\MetinTopcu.Backend.Shared.csproj", "{B6B1301A-E96C-48DA-ACA6-731150B9EAA0}"
EndProject
Global
	GlobalSection(SolutionConfigurationPlatforms) = preSolution
		Debug|Any CPU = Debug|Any CPU
		Release|Any CPU = Release|Any CPU
	EndGlobalSection
	GlobalSection(ProjectConfigurationPlatforms) = postSolution
		{18780B9E-9E15-4859-B9F9-47B69586D7E7}.Debug|Any CPU.ActiveCfg = Debug|Any CPU
		{18780B9E-9E15-4859-B9F9-47B69586D7E7}.Debug|Any CPU.Build.0 = Debug|Any CPU
		{18780B9E-9E15-4859-B9F9-47B69586D7E7}.Release|Any CPU.ActiveCfg = Release|Any CPU
		{18780B9E-9E15-4859-B9F9-47B69586D7E7}.Release|Any CPU.Build.0 = Release|Any CPU
		{2AD2EBBD-AA7F-4F54-B9D8-50BC5CBBBF34}.Debug|Any CPU.ActiveCfg = Debug|Any CPU
		{2AD2EBBD-AA7F-4F54-B9D8-50BC5CBBBF34}.Debug|Any CPU.Build.0 = Debug|Any CPU
		{2AD2EBBD-AA7F-4F54-B9D8-50BC5CBBBF34}.Release|Any CPU.ActiveCfg = Release|Any CPU
		{2AD2EBBD-AA7F-4F54-B9D8-50BC5CBBBF34}.Release|Any CPU.Build.0 = Release|Any CPU
		{2968E3F9-7A71-407C-BC95-A84FE5FEDDDB}.Debug|Any CPU.ActiveCfg = Debug|Any CPU
		{2968E3F9-7A71-407C-BC95-A84FE5FEDDDB}.Debug|Any CPU.Build.0 = Debug|Any CPU
		{2968E3F9-7A71-407C-BC95-A84FE5FEDDDB}.Release|Any CPU.ActiveCfg = Release|Any CPU
		{2968E3F9-7A71-407C-BC95-A84FE5FEDDDB}.Release|Any CPU.Build.0 = Release|Any CPU
		{DD0D6C50-3AC4-4C71-8E7A-481A78D58B18}.Debug|Any CPU.ActiveCfg = Debug|Any CPU
		{DD0D6C50-3AC4-4C71-8E7A-481A78D58B18}.Debug|Any CPU.Build.0 = Debug|Any CPU
		{DD0D6C50-3AC4-4C71-8E7A-481A78D58B18}.Release|Any CPU.ActiveCfg = Release|Any CPU
		{DD0D6C50-3AC4-4C71-8E7A-481A78D58B18}.Release|Any CPU.Build.0 = Release|Any CPU
		{29EC5488-4FBD-4A98-BDBB-765BB308CB3B}.Debug|Any CPU.ActiveCfg = Debug|Any CPU
		{29EC5488-4FBD-4A98-BDBB-765BB308CB3B}.Debug|Any CPU.Build.0 = Debug|Any CPU
		{29EC5488-4FBD-4A98-BDBB-765BB308CB3B}.Release|Any CPU.ActiveCfg = Release|Any CPU
		{29EC5488-4FBD-4A98-BDBB-765BB308CB3B}.Release|Any CPU.Build.0 = Release|Any CPU
		{B6B1301A-E96C-48DA-ACA6-731150B9EAA0}.Debug|Any CPU.ActiveCfg = Debug|Any CPU
		{B6B1301A-E96C-48DA-ACA6-731150B9EAA0}.Debug|Any CPU.Build.0 = Debug|Any CPU
		{B6B1301A-E96C-48DA-ACA6-731150B9EAA0}.Release|Any CPU.ActiveCfg = Release|Any CPU
		{B6B1301A-E96C-48DA-ACA6-731150B9EAA0}.Release|Any CPU.Build.0 = Release|Any CPU
	EndGlobalSection
	GlobalSection(SolutionProperties) = preSolution
		HideSolutionNode = FALSE
	EndGlobalSection
	GlobalSection(NestedProjects) = preSolution
		{D81077A1-A31A-4C3C-AC83-2BF00CCE8497} = {E1656BF5-FBAE-42BB-A60B-7E2A4951AAE6}
		{03FAD10F-EA25-4422-A80F-DB884A29411E} = {E1656BF5-FBAE-42BB-A60B-7E2A4951AAE6}
		{824EFA64-B835-4E4C-AADF-52849B3B7723} = {E1656BF5-FBAE-42BB-A60B-7E2A4951AAE6}
		{7C3D2D1D-149C-4681-A414-32D004DA419C} = {E1656BF5-FBAE-42BB-A60B-7E2A4951AAE6}
		{300316CE-9DFD-43FD-B3A6-C980496E3BC1} = {E1656BF5-FBAE-42BB-A60B-7E2A4951AAE6}
		{ABA15CB4-E35B-4BE1-A25C-45AE196202DF} = {E1656BF5-FBAE-42BB-A60B-7E2A4951AAE6}
		{18780B9E-9E15-4859-B9F9-47B69586D7E7} = {03FAD10F-EA25-4422-A80F-DB884A29411E}
		{D0E925F2-AFA7-4EAB-9EE7-050CA9BDAFDE} = {D81077A1-A31A-4C3C-AC83-2BF00CCE8497}
		{CC1B3F68-78FF-4263-9AE6-FEFE5C9AEFD1} = {D0E925F2-AFA7-4EAB-9EE7-050CA9BDAFDE}
		{03536469-CE7B-425A-9D55-4F57D2B57DF9} = {CC1B3F68-78FF-4263-9AE6-FEFE5C9AEFD1}
		{3AE21C5E-11EE-4B58-939F-695DDF6CD929} = {CC1B3F68-78FF-4263-9AE6-FEFE5C9AEFD1}
		{F5BF8B30-E7A8-42C6-A242-21ACFB252FD2} = {CC1B3F68-78FF-4263-9AE6-FEFE5C9AEFD1}
		{FEB2EE49-3D96-48FE-A9F7-85AD639D0180} = {CC1B3F68-78FF-4263-9AE6-FEFE5C9AEFD1}
		{2AD2EBBD-AA7F-4F54-B9D8-50BC5CBBBF34} = {3AE21C5E-11EE-4B58-939F-695DDF6CD929}
		{2968E3F9-7A71-407C-BC95-A84FE5FEDDDB} = {F5BF8B30-E7A8-42C6-A242-21ACFB252FD2}
		{DD0D6C50-3AC4-4C71-8E7A-481A78D58B18} = {FEB2EE49-3D96-48FE-A9F7-85AD639D0180}
		{29EC5488-4FBD-4A98-BDBB-765BB308CB3B} = {03536469-CE7B-425A-9D55-4F57D2B57DF9}
		{B6B1301A-E96C-48DA-ACA6-731150B9EAA0} = {7C3D2D1D-149C-4681-A414-32D004DA419C}
	EndGlobalSection
	GlobalSection(ExtensibilityGlobals) = postSolution
		SolutionGuid = {C6F5F744-C851-4E09-BD64-5CBF9CB6E5B9}
	EndGlobalSection
EndGlobal
